// !$*UTF8*$!
{
	archiveVersion = 1;
	classes = {
	};
	objectVersion = 55;
	objects = {

/* Begin PBXBuildFile section */
		CEAECB732897D81900E52841 /* HeadwayTestApp.swift in Sources */ = {isa = PBXBuildFile; fileRef = CEAECB722897D81900E52841 /* HeadwayTestApp.swift */; };
		CEAECB752897D81900E52841 /* ContentView.swift in Sources */ = {isa = PBXBuildFile; fileRef = CEAECB742897D81900E52841 /* ContentView.swift */; };
		CEAECB772897D81C00E52841 /* Assets.xcassets in Resources */ = {isa = PBXBuildFile; fileRef = CEAECB762897D81C00E52841 /* Assets.xcassets */; };
		CEAECB7A2897D81C00E52841 /* Preview Assets.xcassets in Resources */ = {isa = PBXBuildFile; fileRef = CEAECB792897D81C00E52841 /* Preview Assets.xcassets */; };
		CEAECB852897D93500E52841 /* APIError.swift in Sources */ = {isa = PBXBuildFile; fileRef = CEAECB842897D93500E52841 /* APIError.swift */; };
		CEAECB892897D9D100E52841 /* APIFetcher.swift in Sources */ = {isa = PBXBuildFile; fileRef = CEAECB882897D9D100E52841 /* APIFetcher.swift */; };
		CEAECB8B2897DE0400E52841 /* APIRequest.swift in Sources */ = {isa = PBXBuildFile; fileRef = CEAECB8A2897DE0400E52841 /* APIRequest.swift */; };
		CEAECB8D2897E34E00E52841 /* APIConfig.swift in Sources */ = {isa = PBXBuildFile; fileRef = CEAECB8C2897E34E00E52841 /* APIConfig.swift */; };
		CEAECB902897FE8400E52841 /* JSONDecoder+Publisher.swift in Sources */ = {isa = PBXBuildFile; fileRef = CEAECB8F2897FE8400E52841 /* JSONDecoder+Publisher.swift */; };
		CEAECB932898074000E52841 /* KeychainSwift in Frameworks */ = {isa = PBXBuildFile; productRef = CEAECB922898074000E52841 /* KeychainSwift */; };
		CEAECB962898075300E52841 /* KeychainSwift+Bearer.swift in Sources */ = {isa = PBXBuildFile; fileRef = CEAECB952898075300E52841 /* KeychainSwift+Bearer.swift */; };
		CEAECB992898103D00E52841 /* OAuthorizator.swift in Sources */ = {isa = PBXBuildFile; fileRef = CEAECB982898103D00E52841 /* OAuthorizator.swift */; };
		CEAECB9B2898162700E52841 /* UIApplication+MainWindow.swift in Sources */ = {isa = PBXBuildFile; fileRef = CEAECB9A2898162700E52841 /* UIApplication+MainWindow.swift */; };
		CEAECB9E28982F2E00E52841 /* HistoryView.swift in Sources */ = {isa = PBXBuildFile; fileRef = CEAECB9D28982F2E00E52841 /* HistoryView.swift */; };
		CEAECBA1289830AE00E52841 /* SearchView.swift in Sources */ = {isa = PBXBuildFile; fileRef = CEAECBA0289830AE00E52841 /* SearchView.swift */; };
		CEAECBA72898341900E52841 /* Repository.swift in Sources */ = {isa = PBXBuildFile; fileRef = CEAECBA62898341900E52841 /* Repository.swift */; };
		CEAECBAB28983B2800E52841 /* RepositoryRow.swift in Sources */ = {isa = PBXBuildFile; fileRef = CEAECBAA28983B2800E52841 /* RepositoryRow.swift */; };
		CEAFF1A028986FDF00452E99 /* SearchViewModel.swift in Sources */ = {isa = PBXBuildFile; fileRef = CEAFF19F28986FDF00452E99 /* SearchViewModel.swift */; };
		CEAFF1A22898798700452E99 /* SearchLoader.swift in Sources */ = {isa = PBXBuildFile; fileRef = CEAFF1A12898798700452E99 /* SearchLoader.swift */; };
		CEAFF1A428987AC100452E99 /* SearchReposResponse.swift in Sources */ = {isa = PBXBuildFile; fileRef = CEAFF1A328987AC100452E99 /* SearchReposResponse.swift */; };
		CEAFF1A728993AB700452E99 /* Realm in Frameworks */ = {isa = PBXBuildFile; productRef = CEAFF1A628993AB700452E99 /* Realm */; };
		CEAFF1A928993AB700452E99 /* RealmSwift in Frameworks */ = {isa = PBXBuildFile; productRef = CEAFF1A828993AB700452E99 /* RealmSwift */; };
		CEAFF1AC28993E2000452E99 /* CacheHandler.swift in Sources */ = {isa = PBXBuildFile; fileRef = CEAFF1AB28993E2000452E99 /* CacheHandler.swift */; };
		CEAFF1AE2899491C00452E99 /* RepositoryRowViewModel.swift in Sources */ = {isa = PBXBuildFile; fileRef = CEAFF1AD2899491C00452E99 /* RepositoryRowViewModel.swift */; };
/* End PBXBuildFile section */

/* Begin PBXFileReference section */
		CEAECB6F2897D81900E52841 /* HeadwayTest.app */ = {isa = PBXFileReference; explicitFileType = wrapper.application; includeInIndex = 0; path = HeadwayTest.app; sourceTree = BUILT_PRODUCTS_DIR; };
		CEAECB722897D81900E52841 /* HeadwayTestApp.swift */ = {isa = PBXFileReference; lastKnownFileType = sourcecode.swift; path = HeadwayTestApp.swift; sourceTree = "<group>"; };
		CEAECB742897D81900E52841 /* ContentView.swift */ = {isa = PBXFileReference; lastKnownFileType = sourcecode.swift; path = ContentView.swift; sourceTree = "<group>"; };
		CEAECB762897D81C00E52841 /* Assets.xcassets */ = {isa = PBXFileReference; lastKnownFileType = folder.assetcatalog; path = Assets.xcassets; sourceTree = "<group>"; };
		CEAECB792897D81C00E52841 /* Preview Assets.xcassets */ = {isa = PBXFileReference; lastKnownFileType = folder.assetcatalog; path = "Preview Assets.xcassets"; sourceTree = "<group>"; };
		CEAECB842897D93500E52841 /* APIError.swift */ = {isa = PBXFileReference; lastKnownFileType = sourcecode.swift; path = APIError.swift; sourceTree = "<group>"; };
		CEAECB882897D9D100E52841 /* APIFetcher.swift */ = {isa = PBXFileReference; lastKnownFileType = sourcecode.swift; path = APIFetcher.swift; sourceTree = "<group>"; };
		CEAECB8A2897DE0400E52841 /* APIRequest.swift */ = {isa = PBXFileReference; lastKnownFileType = sourcecode.swift; path = APIRequest.swift; sourceTree = "<group>"; };
		CEAECB8C2897E34E00E52841 /* APIConfig.swift */ = {isa = PBXFileReference; lastKnownFileType = sourcecode.swift; path = APIConfig.swift; sourceTree = "<group>"; };
		CEAECB8F2897FE8400E52841 /* JSONDecoder+Publisher.swift */ = {isa = PBXFileReference; lastKnownFileType = sourcecode.swift; path = "JSONDecoder+Publisher.swift"; sourceTree = "<group>"; };
		CEAECB952898075300E52841 /* KeychainSwift+Bearer.swift */ = {isa = PBXFileReference; lastKnownFileType = sourcecode.swift; path = "KeychainSwift+Bearer.swift"; sourceTree = "<group>"; };
		CEAECB982898103D00E52841 /* OAuthorizator.swift */ = {isa = PBXFileReference; lastKnownFileType = sourcecode.swift; path = OAuthorizator.swift; sourceTree = "<group>"; };
		CEAECB9A2898162700E52841 /* UIApplication+MainWindow.swift */ = {isa = PBXFileReference; lastKnownFileType = sourcecode.swift; path = "UIApplication+MainWindow.swift"; sourceTree = "<group>"; };
		CEAECB9D28982F2E00E52841 /* HistoryView.swift */ = {isa = PBXFileReference; lastKnownFileType = sourcecode.swift; path = HistoryView.swift; sourceTree = "<group>"; };
		CEAECBA0289830AE00E52841 /* SearchView.swift */ = {isa = PBXFileReference; lastKnownFileType = sourcecode.swift; path = SearchView.swift; sourceTree = "<group>"; };
		CEAECBA62898341900E52841 /* Repository.swift */ = {isa = PBXFileReference; lastKnownFileType = sourcecode.swift; path = Repository.swift; sourceTree = "<group>"; };
		CEAECBAA28983B2800E52841 /* RepositoryRow.swift */ = {isa = PBXFileReference; lastKnownFileType = sourcecode.swift; path = RepositoryRow.swift; sourceTree = "<group>"; };
		CEAFF19F28986FDF00452E99 /* SearchViewModel.swift */ = {isa = PBXFileReference; lastKnownFileType = sourcecode.swift; path = SearchViewModel.swift; sourceTree = "<group>"; };
		CEAFF1A12898798700452E99 /* SearchLoader.swift */ = {isa = PBXFileReference; lastKnownFileType = sourcecode.swift; path = SearchLoader.swift; sourceTree = "<group>"; };
		CEAFF1A328987AC100452E99 /* SearchReposResponse.swift */ = {isa = PBXFileReference; lastKnownFileType = sourcecode.swift; path = SearchReposResponse.swift; sourceTree = "<group>"; };
		CEAFF1AB28993E2000452E99 /* CacheHandler.swift */ = {isa = PBXFileReference; lastKnownFileType = sourcecode.swift; path = CacheHandler.swift; sourceTree = "<group>"; };
		CEAFF1AD2899491C00452E99 /* RepositoryRowViewModel.swift */ = {isa = PBXFileReference; lastKnownFileType = sourcecode.swift; path = RepositoryRowViewModel.swift; sourceTree = "<group>"; };
/* End PBXFileReference section */

/* Begin PBXFrameworksBuildPhase section */
		CEAECB6C2897D81900E52841 /* Frameworks */ = {
			isa = PBXFrameworksBuildPhase;
			buildActionMask = 2147483647;
			files = (
				CEAFF1A928993AB700452E99 /* RealmSwift in Frameworks */,
				CEAFF1A728993AB700452E99 /* Realm in Frameworks */,
				CEAECB932898074000E52841 /* KeychainSwift in Frameworks */,
			);
			runOnlyForDeploymentPostprocessing = 0;
		};
/* End PBXFrameworksBuildPhase section */

/* Begin PBXGroup section */
		CEAECB662897D81900E52841 = {
			isa = PBXGroup;
			children = (
				CEAECB712897D81900E52841 /* HeadwayTest */,
				CEAECB702897D81900E52841 /* Products */,
			);
			sourceTree = "<group>";
		};
		CEAECB702897D81900E52841 /* Products */ = {
			isa = PBXGroup;
			children = (
				CEAECB6F2897D81900E52841 /* HeadwayTest.app */,
			);
			name = Products;
			sourceTree = "<group>";
		};
		CEAECB712897D81900E52841 /* HeadwayTest */ = {
			isa = PBXGroup;
			children = (
				CEAECB832897D92300E52841 /* App */,
				CEAECBA22898318B00E52841 /* Common UI */,
				CEAECB9728980F5B00E52841 /* Utilities */,
				CEAECB822897D91A00E52841 /* API */,
				CEAECB8E2897FE6A00E52841 /* Extensions */,
				CEAECB762897D81C00E52841 /* Assets.xcassets */,
				CEAECB782897D81C00E52841 /* Preview Content */,
			);
			path = HeadwayTest;
			sourceTree = "<group>";
		};
		CEAECB782897D81C00E52841 /* Preview Content */ = {
			isa = PBXGroup;
			children = (
				CEAECB792897D81C00E52841 /* Preview Assets.xcassets */,
			);
			path = "Preview Content";
			sourceTree = "<group>";
		};
		CEAECB822897D91A00E52841 /* API */ = {
			isa = PBXGroup;
			children = (
				CEAECB872897D9A000E52841 /* APIFetcher */,
				CEAECB862897D94900E52841 /* Models */,
			);
			path = API;
			sourceTree = "<group>";
		};
		CEAECB832897D92300E52841 /* App */ = {
			isa = PBXGroup;
			children = (
				CEAECB722897D81900E52841 /* HeadwayTestApp.swift */,
				CEAECB742897D81900E52841 /* ContentView.swift */,
				CEAECB9F2898309A00E52841 /* Search */,
				CEAECB9C28982F1D00E52841 /* History */,
				CEAECBA5289833BE00E52841 /* Models */,
			);
			path = App;
			sourceTree = "<group>";
		};
		CEAECB862897D94900E52841 /* Models */ = {
			isa = PBXGroup;
			children = (
				CEAECB842897D93500E52841 /* APIError.swift */,
				CEAECB8A2897DE0400E52841 /* APIRequest.swift */,
				CEAECB8C2897E34E00E52841 /* APIConfig.swift */,
				CEAFF1A328987AC100452E99 /* SearchReposResponse.swift */,
			);
			path = Models;
			sourceTree = "<group>";
		};
		CEAECB872897D9A000E52841 /* APIFetcher */ = {
			isa = PBXGroup;
			children = (
				CEAECB882897D9D100E52841 /* APIFetcher.swift */,
			);
			path = APIFetcher;
			sourceTree = "<group>";
		};
		CEAECB8E2897FE6A00E52841 /* Extensions */ = {
			isa = PBXGroup;
			children = (
				CEAECB8F2897FE8400E52841 /* JSONDecoder+Publisher.swift */,
				CEAECB952898075300E52841 /* KeychainSwift+Bearer.swift */,
				CEAECB9A2898162700E52841 /* UIApplication+MainWindow.swift */,
			);
			path = Extensions;
			sourceTree = "<group>";
		};
		CEAECB9728980F5B00E52841 /* Utilities */ = {
			isa = PBXGroup;
			children = (
				CEAECB982898103D00E52841 /* OAuthorizator.swift */,
				CEAFF1AB28993E2000452E99 /* CacheHandler.swift */,
			);
			path = Utilities;
			sourceTree = "<group>";
		};
		CEAECB9C28982F1D00E52841 /* History */ = {
			isa = PBXGroup;
			children = (
				CEAECB9D28982F2E00E52841 /* HistoryView.swift */,
			);
			path = History;
			sourceTree = "<group>";
		};
		CEAECB9F2898309A00E52841 /* Search */ = {
			isa = PBXGroup;
			children = (
				CEAECBA0289830AE00E52841 /* SearchView.swift */,
				CEAFF19F28986FDF00452E99 /* SearchViewModel.swift */,
				CEAFF1A12898798700452E99 /* SearchLoader.swift */,
			);
			path = Search;
			sourceTree = "<group>";
		};
		CEAECBA22898318B00E52841 /* Common UI */ = {
			isa = PBXGroup;
			children = (
				CEAECBAA28983B2800E52841 /* RepositoryRow.swift */,
				CEAFF1AD2899491C00452E99 /* RepositoryRowViewModel.swift */,
			);
			path = "Common UI";
			sourceTree = "<group>";
		};
		CEAECBA5289833BE00E52841 /* Models */ = {
			isa = PBXGroup;
			children = (
				CEAECBA62898341900E52841 /* Repository.swift */,
			);
			path = Models;
			sourceTree = "<group>";
		};
/* End PBXGroup section */

/* Begin PBXNativeTarget section */
		CEAECB6E2897D81900E52841 /* HeadwayTest */ = {
			isa = PBXNativeTarget;
			buildConfigurationList = CEAECB7D2897D81C00E52841 /* Build configuration list for PBXNativeTarget "HeadwayTest" */;
			buildPhases = (
				CEAECB6B2897D81900E52841 /* Sources */,
				CEAECB6C2897D81900E52841 /* Frameworks */,
				CEAECB6D2897D81900E52841 /* Resources */,
			);
			buildRules = (
			);
			dependencies = (
			);
			name = HeadwayTest;
			packageProductDependencies = (
				CEAECB922898074000E52841 /* KeychainSwift */,
				CEAFF1A628993AB700452E99 /* Realm */,
				CEAFF1A828993AB700452E99 /* RealmSwift */,
			);
			productName = HeadwayTest;
			productReference = CEAECB6F2897D81900E52841 /* HeadwayTest.app */;
			productType = "com.apple.product-type.application";
		};
/* End PBXNativeTarget section */

/* Begin PBXProject section */
		CEAECB672897D81900E52841 /* Project object */ = {
			isa = PBXProject;
			attributes = {
				BuildIndependentTargetsInParallel = 1;
				LastSwiftUpdateCheck = 1340;
				LastUpgradeCheck = 1340;
				TargetAttributes = {
					CEAECB6E2897D81900E52841 = {
						CreatedOnToolsVersion = 13.4.1;
					};
				};
			};
			buildConfigurationList = CEAECB6A2897D81900E52841 /* Build configuration list for PBXProject "HeadwayTest" */;
			compatibilityVersion = "Xcode 13.0";
			developmentRegion = en;
			hasScannedForEncodings = 0;
			knownRegions = (
				en,
				Base,
			);
			mainGroup = CEAECB662897D81900E52841;
			packageReferences = (
				CEAECB912898074000E52841 /* XCRemoteSwiftPackageReference "keychain-swift" */,
				CEAFF1A528993AB700452E99 /* XCRemoteSwiftPackageReference "realm-swift" */,
			);
			productRefGroup = CEAECB702897D81900E52841 /* Products */;
			projectDirPath = "";
			projectRoot = "";
			targets = (
				CEAECB6E2897D81900E52841 /* HeadwayTest */,
			);
		};
/* End PBXProject section */

/* Begin PBXResourcesBuildPhase section */
		CEAECB6D2897D81900E52841 /* Resources */ = {
			isa = PBXResourcesBuildPhase;
			buildActionMask = 2147483647;
			files = (
				CEAECB7A2897D81C00E52841 /* Preview Assets.xcassets in Resources */,
				CEAECB772897D81C00E52841 /* Assets.xcassets in Resources */,
			);
			runOnlyForDeploymentPostprocessing = 0;
		};
/* End PBXResourcesBuildPhase section */

/* Begin PBXSourcesBuildPhase section */
		CEAECB6B2897D81900E52841 /* Sources */ = {
			isa = PBXSourcesBuildPhase;
			buildActionMask = 2147483647;
			files = (
				CEAFF1A428987AC100452E99 /* SearchReposResponse.swift in Sources */,
				CEAECB752897D81900E52841 /* ContentView.swift in Sources */,
				CEAECB732897D81900E52841 /* HeadwayTestApp.swift in Sources */,
				CEAECB962898075300E52841 /* KeychainSwift+Bearer.swift in Sources */,
				CEAECB902897FE8400E52841 /* JSONDecoder+Publisher.swift in Sources */,
				CEAFF1AC28993E2000452E99 /* CacheHandler.swift in Sources */,
				CEAECBA1289830AE00E52841 /* SearchView.swift in Sources */,
				CEAECB8D2897E34E00E52841 /* APIConfig.swift in Sources */,
				CEAFF1AE2899491C00452E99 /* RepositoryRowViewModel.swift in Sources */,
				CEAFF1A028986FDF00452E99 /* SearchViewModel.swift in Sources */,
				CEAECBA72898341900E52841 /* Repository.swift in Sources */,
				CEAECB9E28982F2E00E52841 /* HistoryView.swift in Sources */,
				CEAECBAB28983B2800E52841 /* RepositoryRow.swift in Sources */,
				CEAFF1A22898798700452E99 /* SearchLoader.swift in Sources */,
				CEAECB992898103D00E52841 /* OAuthorizator.swift in Sources */,
				CEAECB892897D9D100E52841 /* APIFetcher.swift in Sources */,
				CEAECB8B2897DE0400E52841 /* APIRequest.swift in Sources */,
				CEAECB852897D93500E52841 /* APIError.swift in Sources */,
				CEAECB9B2898162700E52841 /* UIApplication+MainWindow.swift in Sources */,
			);
			runOnlyForDeploymentPostprocessing = 0;
		};
/* End PBXSourcesBuildPhase section */

/* Begin XCBuildConfiguration section */
		CEAECB7B2897D81C00E52841 /* Debug */ = {
			isa = XCBuildConfiguration;
			buildSettings = {
				ALWAYS_SEARCH_USER_PATHS = NO;
				CLANG_ANALYZER_NONNULL = YES;
				CLANG_ANALYZER_NUMBER_OBJECT_CONVERSION = YES_AGGRESSIVE;
				CLANG_CXX_LANGUAGE_STANDARD = "gnu++17";
				CLANG_ENABLE_MODULES = YES;
				CLANG_ENABLE_OBJC_ARC = YES;
				CLANG_ENABLE_OBJC_WEAK = YES;
				CLANG_WARN_BLOCK_CAPTURE_AUTORELEASING = YES;
				CLANG_WARN_BOOL_CONVERSION = YES;
				CLANG_WARN_COMMA = YES;
				CLANG_WARN_CONSTANT_CONVERSION = YES;
				CLANG_WARN_DEPRECATED_OBJC_IMPLEMENTATIONS = YES;
				CLANG_WARN_DIRECT_OBJC_ISA_USAGE = YES_ERROR;
				CLANG_WARN_DOCUMENTATION_COMMENTS = YES;
				CLANG_WARN_EMPTY_BODY = YES;
				CLANG_WARN_ENUM_CONVERSION = YES;
				CLANG_WARN_INFINITE_RECURSION = YES;
				CLANG_WARN_INT_CONVERSION = YES;
				CLANG_WARN_NON_LITERAL_NULL_CONVERSION = YES;
				CLANG_WARN_OBJC_IMPLICIT_RETAIN_SELF = YES;
				CLANG_WARN_OBJC_LITERAL_CONVERSION = YES;
				CLANG_WARN_OBJC_ROOT_CLASS = YES_ERROR;
				CLANG_WARN_QUOTED_INCLUDE_IN_FRAMEWORK_HEADER = YES;
				CLANG_WARN_RANGE_LOOP_ANALYSIS = YES;
				CLANG_WARN_STRICT_PROTOTYPES = YES;
				CLANG_WARN_SUSPICIOUS_MOVE = YES;
				CLANG_WARN_UNGUARDED_AVAILABILITY = YES_AGGRESSIVE;
				CLANG_WARN_UNREACHABLE_CODE = YES;
				CLANG_WARN__DUPLICATE_METHOD_MATCH = YES;
				COPY_PHASE_STRIP = NO;
				DEBUG_INFORMATION_FORMAT = dwarf;
				ENABLE_STRICT_OBJC_MSGSEND = YES;
				ENABLE_TESTABILITY = YES;
				GCC_C_LANGUAGE_STANDARD = gnu11;
				GCC_DYNAMIC_NO_PIC = NO;
				GCC_NO_COMMON_BLOCKS = YES;
				GCC_OPTIMIZATION_LEVEL = 0;
				GCC_PREPROCESSOR_DEFINITIONS = (
					"DEBUG=1",
					"$(inherited)",
				);
				GCC_WARN_64_TO_32_BIT_CONVERSION = YES;
				GCC_WARN_ABOUT_RETURN_TYPE = YES_ERROR;
				GCC_WARN_UNDECLARED_SELECTOR = YES;
				GCC_WARN_UNINITIALIZED_AUTOS = YES_AGGRESSIVE;
				GCC_WARN_UNUSED_FUNCTION = YES;
				GCC_WARN_UNUSED_VARIABLE = YES;
				IPHONEOS_DEPLOYMENT_TARGET = 15.5;
				MTL_ENABLE_DEBUG_INFO = INCLUDE_SOURCE;
				MTL_FAST_MATH = YES;
				ONLY_ACTIVE_ARCH = YES;
				SDKROOT = iphoneos;
				SWIFT_ACTIVE_COMPILATION_CONDITIONS = DEBUG;
				SWIFT_OPTIMIZATION_LEVEL = "-Onone";
			};
			name = Debug;
		};
		CEAECB7C2897D81C00E52841 /* Release */ = {
			isa = XCBuildConfiguration;
			buildSettings = {
				ALWAYS_SEARCH_USER_PATHS = NO;
				CLANG_ANALYZER_NONNULL = YES;
				CLANG_ANALYZER_NUMBER_OBJECT_CONVERSION = YES_AGGRESSIVE;
				CLANG_CXX_LANGUAGE_STANDARD = "gnu++17";
				CLANG_ENABLE_MODULES = YES;
				CLANG_ENABLE_OBJC_ARC = YES;
				CLANG_ENABLE_OBJC_WEAK = YES;
				CLANG_WARN_BLOCK_CAPTURE_AUTORELEASING = YES;
				CLANG_WARN_BOOL_CONVERSION = YES;
				CLANG_WARN_COMMA = YES;
				CLANG_WARN_CONSTANT_CONVERSION = YES;
				CLANG_WARN_DEPRECATED_OBJC_IMPLEMENTATIONS = YES;
				CLANG_WARN_DIRECT_OBJC_ISA_USAGE = YES_ERROR;
				CLANG_WARN_DOCUMENTATION_COMMENTS = YES;
				CLANG_WARN_EMPTY_BODY = YES;
				CLANG_WARN_ENUM_CONVERSION = YES;
				CLANG_WARN_INFINITE_RECURSION = YES;
				CLANG_WARN_INT_CONVERSION = YES;
				CLANG_WARN_NON_LITERAL_NULL_CONVERSION = YES;
				CLANG_WARN_OBJC_IMPLICIT_RETAIN_SELF = YES;
				CLANG_WARN_OBJC_LITERAL_CONVERSION = YES;
				CLANG_WARN_OBJC_ROOT_CLASS = YES_ERROR;
				CLANG_WARN_QUOTED_INCLUDE_IN_FRAMEWORK_HEADER = YES;
				CLANG_WARN_RANGE_LOOP_ANALYSIS = YES;
				CLANG_WARN_STRICT_PROTOTYPES = YES;
				CLANG_WARN_SUSPICIOUS_MOVE = YES;
				CLANG_WARN_UNGUARDED_AVAILABILITY = YES_AGGRESSIVE;
				CLANG_WARN_UNREACHABLE_CODE = YES;
				CLANG_WARN__DUPLICATE_METHOD_MATCH = YES;
				COPY_PHASE_STRIP = NO;
				DEBUG_INFORMATION_FORMAT = "dwarf-with-dsym";
				ENABLE_NS_ASSERTIONS = NO;
				ENABLE_STRICT_OBJC_MSGSEND = YES;
				GCC_C_LANGUAGE_STANDARD = gnu11;
				GCC_NO_COMMON_BLOCKS = YES;
				GCC_WARN_64_TO_32_BIT_CONVERSION = YES;
				GCC_WARN_ABOUT_RETURN_TYPE = YES_ERROR;
				GCC_WARN_UNDECLARED_SELECTOR = YES;
				GCC_WARN_UNINITIALIZED_AUTOS = YES_AGGRESSIVE;
				GCC_WARN_UNUSED_FUNCTION = YES;
				GCC_WARN_UNUSED_VARIABLE = YES;
				IPHONEOS_DEPLOYMENT_TARGET = 15.5;
				MTL_ENABLE_DEBUG_INFO = NO;
				MTL_FAST_MATH = YES;
				SDKROOT = iphoneos;
				SWIFT_COMPILATION_MODE = wholemodule;
				SWIFT_OPTIMIZATION_LEVEL = "-O";
				VALIDATE_PRODUCT = YES;
			};
			name = Release;
		};
		CEAECB7E2897D81C00E52841 /* Debug */ = {
			isa = XCBuildConfiguration;
			buildSettings = {
				ASSETCATALOG_COMPILER_APPICON_NAME = AppIcon;
				ASSETCATALOG_COMPILER_GLOBAL_ACCENT_COLOR_NAME = AccentColor;
				CODE_SIGN_STYLE = Automatic;
				CURRENT_PROJECT_VERSION = 1;
				DEVELOPMENT_ASSET_PATHS = "\"HeadwayTest/Preview Content\"";
				DEVELOPMENT_TEAM = FBFE6N5K5V;
				ENABLE_PREVIEWS = YES;
				GENERATE_INFOPLIST_FILE = YES;
				INFOPLIST_KEY_UIApplicationSceneManifest_Generation = YES;
				INFOPLIST_KEY_UIApplicationSupportsIndirectInputEvents = YES;
				INFOPLIST_KEY_UILaunchScreen_Generation = YES;
				INFOPLIST_KEY_UISupportedInterfaceOrientations_iPad = "UIInterfaceOrientationPortrait UIInterfaceOrientationPortraitUpsideDown UIInterfaceOrientationLandscapeLeft UIInterfaceOrientationLandscapeRight";
				INFOPLIST_KEY_UISupportedInterfaceOrientations_iPhone = "UIInterfaceOrientationPortrait UIInterfaceOrientationLandscapeLeft UIInterfaceOrientationLandscapeRight";
				LD_RUNPATH_SEARCH_PATHS = (
					"$(inherited)",
					"@executable_path/Frameworks",
				);
				MARKETING_VERSION = 1.0;
				PRODUCT_BUNDLE_IDENTIFIER = com.dareniar.HeadwayTest;
				PRODUCT_NAME = "$(TARGET_NAME)";
				SWIFT_EMIT_LOC_STRINGS = YES;
				SWIFT_VERSION = 5.0;
				TARGETED_DEVICE_FAMILY = "1,2";
			};
			name = Debug;
		};
		CEAECB7F2897D81C00E52841 /* Release */ = {
			isa = XCBuildConfiguration;
			buildSettings = {
				ASSETCATALOG_COMPILER_APPICON_NAME = AppIcon;
				ASSETCATALOG_COMPILER_GLOBAL_ACCENT_COLOR_NAME = AccentColor;
				CODE_SIGN_STYLE = Automatic;
				CURRENT_PROJECT_VERSION = 1;
				DEVELOPMENT_ASSET_PATHS = "\"HeadwayTest/Preview Content\"";
				DEVELOPMENT_TEAM = FBFE6N5K5V;
				ENABLE_PREVIEWS = YES;
				GENERATE_INFOPLIST_FILE = YES;
				INFOPLIST_KEY_UIApplicationSceneManifest_Generation = YES;
				INFOPLIST_KEY_UIApplicationSupportsIndirectInputEvents = YES;
				INFOPLIST_KEY_UILaunchScreen_Generation = YES;
				INFOPLIST_KEY_UISupportedInterfaceOrientations_iPad = "UIInterfaceOrientationPortrait UIInterfaceOrientationPortraitUpsideDown UIInterfaceOrientationLandscapeLeft UIInterfaceOrientationLandscapeRight";
				INFOPLIST_KEY_UISupportedInterfaceOrientations_iPhone = "UIInterfaceOrientationPortrait UIInterfaceOrientationLandscapeLeft UIInterfaceOrientationLandscapeRight";
				LD_RUNPATH_SEARCH_PATHS = (
					"$(inherited)",
					"@executable_path/Frameworks",
				);
				MARKETING_VERSION = 1.0;
				PRODUCT_BUNDLE_IDENTIFIER = com.dareniar.HeadwayTest;
				PRODUCT_NAME = "$(TARGET_NAME)";
				SWIFT_EMIT_LOC_STRINGS = YES;
				SWIFT_VERSION = 5.0;
				TARGETED_DEVICE_FAMILY = "1,2";
			};
			name = Release;
		};
/* End XCBuildConfiguration section */

/* Begin XCConfigurationList section */
		CEAECB6A2897D81900E52841 /* Build configuration list for PBXProject "HeadwayTest" */ = {
			isa = XCConfigurationList;
			buildConfigurations = (
				CEAECB7B2897D81C00E52841 /* Debug */,
				CEAECB7C2897D81C00E52841 /* Release */,
			);
			defaultConfigurationIsVisible = 0;
			defaultConfigurationName = Release;
		};
		CEAECB7D2897D81C00E52841 /* Build configuration list for PBXNativeTarget "HeadwayTest" */ = {
			isa = XCConfigurationList;
			buildConfigurations = (
				CEAECB7E2897D81C00E52841 /* Debug */,
				CEAECB7F2897D81C00E52841 /* Release */,
			);
			defaultConfigurationIsVisible = 0;
			defaultConfigurationName = Release;
		};
/* End XCConfigurationList section */

/* Begin XCRemoteSwiftPackageReference section */
		CEAECB912898074000E52841 /* XCRemoteSwiftPackageReference "keychain-swift" */ = {
			isa = XCRemoteSwiftPackageReference;
			repositoryURL = "https://github.com/evgenyneu/keychain-swift";
			requirement = {
				branch = master;
				kind = branch;
			};
		};
		CEAFF1A528993AB700452E99 /* XCRemoteSwiftPackageReference "realm-swift" */ = {
			isa = XCRemoteSwiftPackageReference;
			repositoryURL = "https://github.com/realm/realm-swift";
			requirement = {
				branch = master;
				kind = branch;
			};
		};
/* End XCRemoteSwiftPackageReference section */

/* Begin XCSwiftPackageProductDependency section */
		CEAECB922898074000E52841 /* KeychainSwift */ = {
			isa = XCSwiftPackageProductDependency;
			package = CEAECB912898074000E52841 /* XCRemoteSwiftPackageReference "keychain-swift" */;
			productName = KeychainSwift;
		};
		CEAFF1A628993AB700452E99 /* Realm */ = {
			isa = XCSwiftPackageProductDependency;
			package = CEAFF1A528993AB700452E99 /* XCRemoteSwiftPackageReference "realm-swift" */;
			productName = Realm;
		};
		CEAFF1A828993AB700452E99 /* RealmSwift */ = {
			isa = XCSwiftPackageProductDependency;
			package = CEAFF1A528993AB700452E99 /* XCRemoteSwiftPackageReference "realm-swift" */;
			productName = RealmSwift;
		};
/* End XCSwiftPackageProductDependency section */
	};
	rootObject = CEAECB672897D81900E52841 /* Project object */;
}
